
Microsoft Visual Studio Solution File, Format Version 12.00
# Visual Studio 2015
Project("{FAE04EC0-301F-11D3-BF4B-00C04F79EFBC}") = "NodeEditor.CSharp", "NodeEditor.CSharp.csproj", "{AD1DBB4B-22CE-093C-0113-CD7E539FEFB4}"
EndProject
Global
	GlobalSection(SolutionConfigurationPlatforms) = preSolution
		Debug|Any CPU = Debug|Any CPU
		Release|Any CPU = Release|Any CPU
	EndGlobalSection
	GlobalSection(ProjectConfigurationPlatforms) = postSolution
		{AD1DBB4B-22CE-093C-0113-CD7E539FEFB4}.Debug|Any CPU.ActiveCfg = Debug|Any CPU
		{AD1DBB4B-22CE-093C-0113-CD7E539FEFB4}.Debug|Any CPU.Build.0 = Debug|Any CPU
		{AD1DBB4B-22CE-093C-0113-CD7E539FEFB4}.Release|Any CPU.ActiveCfg = Release|Any CPU
		{AD1DBB4B-22CE-093C-0113-CD7E539FEFB4}.Release|Any CPU.Build.0 = Release|Any CPU
	EndGlobalSection
	GlobalSection(SolutionProperties) = preSolution
		HideSolutionNode = FALSE
	EndGlobalSection
EndGlobal
